
Microsoft Visual Studio Solution File, Format Version 12.00
# Visual Studio 15
VisualStudioVersion = 15.0.26430.13
MinimumVisualStudioVersion = 10.0.40219.1
Project("{FAE04EC0-301F-11D3-BF4B-00C04F79EFBC}") = "Quartz.SharePoint.SPMS", "..\Quartz.SharePoint.SPMS\Quartz.SharePoint.SPMS.csproj", "{A600B91A-DF44-499B-9635-CE5198FFDD92}"
EndProject
Project("{FAE04EC0-301F-11D3-BF4B-00C04F79EFBC}") = "Quartz.SharePoint.Core.Auth", "..\Quartz.SharePoint.Core.Auth\Quartz.SharePoint.Core.Auth.csproj", "{CCD8D46F-3024-4374-B994-D6D8989A20C3}"
EndProject
Project("{FAE04EC0-301F-11D3-BF4B-00C04F79EFBC}") = "Quartz.Monitoring.logging", "..\Quartz.Monitoring.logging\Quartz.Monitoring.logging.csproj", "{F796CF84-686B-4487-8C7D-D42CB522F94A}"
EndProject
Project("{FAE04EC0-301F-11D3-BF4B-00C04F79EFBC}") = "Quartz.Framework.Utilities", "..\Quartz.Framework.Utilities\Quartz.Framework.Utilities.csproj", "{06D615CC-090B-42D1-A762-54966673F933}"
EndProject
Global
	GlobalSection(SolutionConfigurationPlatforms) = preSolution
		Debug|Any CPU = Debug|Any CPU
		Release|Any CPU = Release|Any CPU
	EndGlobalSection
	GlobalSection(ProjectConfigurationPlatforms) = postSolution
		{A600B91A-DF44-499B-9635-CE5198FFDD92}.Debug|Any CPU.ActiveCfg = Debug|Any CPU
		{A600B91A-DF44-499B-9635-CE5198FFDD92}.Debug|Any CPU.Build.0 = Debug|Any CPU
		{A600B91A-DF44-499B-9635-CE5198FFDD92}.Release|Any CPU.ActiveCfg = Release|Any CPU
		{A600B91A-DF44-499B-9635-CE5198FFDD92}.Release|Any CPU.Build.0 = Release|Any CPU
		{CCD8D46F-3024-4374-B994-D6D8989A20C3}.Debug|Any CPU.ActiveCfg = Debug|Any CPU
		{CCD8D46F-3024-4374-B994-D6D8989A20C3}.Debug|Any CPU.Build.0 = Debug|Any CPU
		{CCD8D46F-3024-4374-B994-D6D8989A20C3}.Release|Any CPU.ActiveCfg = Release|Any CPU
		{CCD8D46F-3024-4374-B994-D6D8989A20C3}.Release|Any CPU.Build.0 = Release|Any CPU
		{F796CF84-686B-4487-8C7D-D42CB522F94A}.Debug|Any CPU.ActiveCfg = Debug|Any CPU
		{F796CF84-686B-4487-8C7D-D42CB522F94A}.Debug|Any CPU.Build.0 = Debug|Any CPU
		{F796CF84-686B-4487-8C7D-D42CB522F94A}.Release|Any CPU.ActiveCfg = Release|Any CPU
		{F796CF84-686B-4487-8C7D-D42CB522F94A}.Release|Any CPU.Build.0 = Release|Any CPU
		{06D615CC-090B-42D1-A762-54966673F933}.Debug|Any CPU.ActiveCfg = Debug|Any CPU
		{06D615CC-090B-42D1-A762-54966673F933}.Debug|Any CPU.Build.0 = Debug|Any CPU
		{06D615CC-090B-42D1-A762-54966673F933}.Release|Any CPU.ActiveCfg = Release|Any CPU
		{06D615CC-090B-42D1-A762-54966673F933}.Release|Any CPU.Build.0 = Release|Any CPU
	EndGlobalSection
	GlobalSection(SolutionProperties) = preSolution
		HideSolutionNode = FALSE
	EndGlobalSection
EndGlobal
